
Microsoft Visual Studio Solution File, Format Version 12.00
# Visual Studio Version 17
VisualStudioVersion = 17.13.35931.197 d17.13
MinimumVisualStudioVersion = 10.0.40219.1
Project("{FAE04EC0-301F-11D3-BF4B-00C04F79EFBC}") = "EncapsulateWhatVarient", "EncapsulateWhatVarient\EncapsulateWhatVarient.csproj", "{D138D270-1D30-4280-8995-04546D64F2F9}"
EndProject
Project("{FAE04EC0-301F-11D3-BF4B-00C04F79EFBC}") = "FavorCompositionOverInheritance", "FavorCompositionOverInheritance\FavorCompositionOverInheritance.csproj", "{62CD3706-EEBE-40E8-B749-EFA4FAE765DF}"
EndProject
Global
	GlobalSection(SolutionConfigurationPlatforms) = preSolution
		Debug|Any CPU = Debug|Any CPU
		Release|Any CPU = Release|Any CPU
	EndGlobalSection
	GlobalSection(ProjectConfigurationPlatforms) = postSolution
		{D138D270-1D30-4280-8995-04546D64F2F9}.Debug|Any CPU.ActiveCfg = Debug|Any CPU
		{D138D270-1D30-4280-8995-04546D64F2F9}.Debug|Any CPU.Build.0 = Debug|Any CPU
		{D138D270-1D30-4280-8995-04546D64F2F9}.Release|Any CPU.ActiveCfg = Release|Any CPU
		{D138D270-1D30-4280-8995-04546D64F2F9}.Release|Any CPU.Build.0 = Release|Any CPU
		{62CD3706-EEBE-40E8-B749-EFA4FAE765DF}.Debug|Any CPU.ActiveCfg = Debug|Any CPU
		{62CD3706-EEBE-40E8-B749-EFA4FAE765DF}.Debug|Any CPU.Build.0 = Debug|Any CPU
		{62CD3706-EEBE-40E8-B749-EFA4FAE765DF}.Release|Any CPU.ActiveCfg = Release|Any CPU
		{62CD3706-EEBE-40E8-B749-EFA4FAE765DF}.Release|Any CPU.Build.0 = Release|Any CPU
	EndGlobalSection
	GlobalSection(SolutionProperties) = preSolution
		HideSolutionNode = FALSE
	EndGlobalSection
	GlobalSection(ExtensibilityGlobals) = postSolution
		SolutionGuid = {CD252ABA-DEAC-40E5-8AAE-4A0F88E36243}
	EndGlobalSection
EndGlobal
